
Microsoft Visual Studio Solution File, Format Version 12.00
# Visual Studio 14
VisualStudioVersion = 14.0.25123.0
MinimumVisualStudioVersion = 10.0.40219.1
Project("{FAE04EC0-301F-11D3-BF4B-00C04F79EFBC}") = "Data_Collector", "Data_Collector\Data_Collector.csproj", "{9BEF3206-C618-49BC-88CE-9A9F6B2DB4D1}"
EndProject
Project("{FAE04EC0-301F-11D3-BF4B-00C04F79EFBC}") = "Data_Collector_2", "Data_Collector_2\Data_Collector_2.csproj", "{E3BF5DDE-81D7-46B7-AE36-A4565D5955D6}"
EndProject
Project("{FAE04EC0-301F-11D3-BF4B-00C04F79EFBC}") = "Data_Collector_Win_Form_ver", "Data_Collector_Win_Form_ver\Data_Collector_Win_Form_ver.csproj", "{C0201C00-D69E-44F6-BD59-8F63887BC23A}"
EndProject
Global
	GlobalSection(SolutionConfigurationPlatforms) = preSolution
		Debug|Any CPU = Debug|Any CPU
		Release|Any CPU = Release|Any CPU
	EndGlobalSection
	GlobalSection(ProjectConfigurationPlatforms) = postSolution
		{9BEF3206-C618-49BC-88CE-9A9F6B2DB4D1}.Debug|Any CPU.ActiveCfg = Debug|Any CPU
		{9BEF3206-C618-49BC-88CE-9A9F6B2DB4D1}.Debug|Any CPU.Build.0 = Debug|Any CPU
		{9BEF3206-C618-49BC-88CE-9A9F6B2DB4D1}.Release|Any CPU.ActiveCfg = Release|Any CPU
		{9BEF3206-C618-49BC-88CE-9A9F6B2DB4D1}.Release|Any CPU.Build.0 = Release|Any CPU
		{E3BF5DDE-81D7-46B7-AE36-A4565D5955D6}.Debug|Any CPU.ActiveCfg = Debug|Any CPU
		{E3BF5DDE-81D7-46B7-AE36-A4565D5955D6}.Debug|Any CPU.Build.0 = Debug|Any CPU
		{E3BF5DDE-81D7-46B7-AE36-A4565D5955D6}.Release|Any CPU.ActiveCfg = Release|Any CPU
		{E3BF5DDE-81D7-46B7-AE36-A4565D5955D6}.Release|Any CPU.Build.0 = Release|Any CPU
		{C0201C00-D69E-44F6-BD59-8F63887BC23A}.Debug|Any CPU.ActiveCfg = Debug|Any CPU
		{C0201C00-D69E-44F6-BD59-8F63887BC23A}.Debug|Any CPU.Build.0 = Debug|Any CPU
		{C0201C00-D69E-44F6-BD59-8F63887BC23A}.Release|Any CPU.ActiveCfg = Release|Any CPU
		{C0201C00-D69E-44F6-BD59-8F63887BC23A}.Release|Any CPU.Build.0 = Release|Any CPU
	EndGlobalSection
	GlobalSection(SolutionProperties) = preSolution
		HideSolutionNode = FALSE
	EndGlobalSection
EndGlobal
